
Microsoft Visual Studio Solution File, Format Version 12.00
# Visual Studio Version 17
VisualStudioVersion = 17.1.32328.378
MinimumVisualStudioVersion = 10.0.40219.1
Project("{2150E333-8FDC-42A3-9474-1A3956D46DE8}") = "Src", "Src", "{A98834C9-D590-4578-8015-2014F479FBC3}"
EndProject
Project("{9A19103F-16F7-4668-BE54-9A1E7A4F7556}") = "CleanArchitecture.Web", "Src\CleanArchitecture.Web\CleanArchitecture.Web.csproj", "{CCE02BF3-E173-4F39-B79C-50C521E6A0DE}"
EndProject
Project("{9A19103F-16F7-4668-BE54-9A1E7A4F7556}") = "CleanArchitecture.Infrastructure", "Src\CleanArchitecture.Infrastructure\CleanArchitecture.Infrastructure.csproj", "{84C457D9-0D53-420B-8437-A1C843572830}"
EndProject
Project("{9A19103F-16F7-4668-BE54-9A1E7A4F7556}") = "CleanArchitecture.Domain", "Src\CleanArchitecture.Domain\CleanArchitecture.Domain.csproj", "{053BA192-EC76-4679-8C2C-4962D1E50E91}"
EndProject
Project("{9A19103F-16F7-4668-BE54-9A1E7A4F7556}") = "CleanArchitecture.ApplicationCore", "Src\CleanArchitecture.ApplicationCore\CleanArchitecture.ApplicationCore.csproj", "{E6C6DD67-5C82-4A22-A419-D23EB4BFF875}"
EndProject
Project("{2150E333-8FDC-42A3-9474-1A3956D46DE8}") = "Tests", "Tests", "{98C52836-C9B2-4D30-986E-2E4FC8F75ABF}"
EndProject
Project("{FAE04EC0-301F-11D3-BF4B-00C04F79EFBC}") = "CleanArchitecture.IntegrationTests", "Tests\CleanArchitecture.IntegrationTests\CleanArchitecture.IntegrationTests.csproj", "{28CB6581-907D-4BF8-9C29-DDAF0A82C99F}"
EndProject
Global
	GlobalSection(SolutionConfigurationPlatforms) = preSolution
		Debug|Any CPU = Debug|Any CPU
		Release|Any CPU = Release|Any CPU
	EndGlobalSection
	GlobalSection(ProjectConfigurationPlatforms) = postSolution
		{CCE02BF3-E173-4F39-B79C-50C521E6A0DE}.Debug|Any CPU.ActiveCfg = Debug|Any CPU
		{CCE02BF3-E173-4F39-B79C-50C521E6A0DE}.Debug|Any CPU.Build.0 = Debug|Any CPU
		{CCE02BF3-E173-4F39-B79C-50C521E6A0DE}.Release|Any CPU.ActiveCfg = Release|Any CPU
		{CCE02BF3-E173-4F39-B79C-50C521E6A0DE}.Release|Any CPU.Build.0 = Release|Any CPU
		{84C457D9-0D53-420B-8437-A1C843572830}.Debug|Any CPU.ActiveCfg = Debug|Any CPU
		{84C457D9-0D53-420B-8437-A1C843572830}.Debug|Any CPU.Build.0 = Debug|Any CPU
		{84C457D9-0D53-420B-8437-A1C843572830}.Release|Any CPU.ActiveCfg = Release|Any CPU
		{84C457D9-0D53-420B-8437-A1C843572830}.Release|Any CPU.Build.0 = Release|Any CPU
		{053BA192-EC76-4679-8C2C-4962D1E50E91}.Debug|Any CPU.ActiveCfg = Debug|Any CPU
		{053BA192-EC76-4679-8C2C-4962D1E50E91}.Debug|Any CPU.Build.0 = Debug|Any CPU
		{053BA192-EC76-4679-8C2C-4962D1E50E91}.Release|Any CPU.ActiveCfg = Release|Any CPU
		{053BA192-EC76-4679-8C2C-4962D1E50E91}.Release|Any CPU.Build.0 = Release|Any CPU
		{E6C6DD67-5C82-4A22-A419-D23EB4BFF875}.Debug|Any CPU.ActiveCfg = Debug|Any CPU
		{E6C6DD67-5C82-4A22-A419-D23EB4BFF875}.Debug|Any CPU.Build.0 = Debug|Any CPU
		{E6C6DD67-5C82-4A22-A419-D23EB4BFF875}.Release|Any CPU.ActiveCfg = Release|Any CPU
		{E6C6DD67-5C82-4A22-A419-D23EB4BFF875}.Release|Any CPU.Build.0 = Release|Any CPU
		{28CB6581-907D-4BF8-9C29-DDAF0A82C99F}.Debug|Any CPU.ActiveCfg = Debug|Any CPU
		{28CB6581-907D-4BF8-9C29-DDAF0A82C99F}.Debug|Any CPU.Build.0 = Debug|Any CPU
		{28CB6581-907D-4BF8-9C29-DDAF0A82C99F}.Release|Any CPU.ActiveCfg = Release|Any CPU
		{28CB6581-907D-4BF8-9C29-DDAF0A82C99F}.Release|Any CPU.Build.0 = Release|Any CPU
	EndGlobalSection
	GlobalSection(SolutionProperties) = preSolution
		HideSolutionNode = FALSE
	EndGlobalSection
	GlobalSection(NestedProjects) = preSolution
		{CCE02BF3-E173-4F39-B79C-50C521E6A0DE} = {A98834C9-D590-4578-8015-2014F479FBC3}
		{84C457D9-0D53-420B-8437-A1C843572830} = {A98834C9-D590-4578-8015-2014F479FBC3}
		{053BA192-EC76-4679-8C2C-4962D1E50E91} = {A98834C9-D590-4578-8015-2014F479FBC3}
		{E6C6DD67-5C82-4A22-A419-D23EB4BFF875} = {A98834C9-D590-4578-8015-2014F479FBC3}
		{28CB6581-907D-4BF8-9C29-DDAF0A82C99F} = {98C52836-C9B2-4D30-986E-2E4FC8F75ABF}
	EndGlobalSection
	GlobalSection(ExtensibilityGlobals) = postSolution
		SolutionGuid = {7B195965-F103-41D7-992E-DC928B4B3B4B}
	EndGlobalSection
EndGlobal
